// !$*UTF8*$!
{
	archiveVersion = 1;
	classes = {
	};
	objectVersion = 46;
	objects = {

/* Begin PBXBuildFile section */
		501CE6C7195DEA1F000935E7 /* GVGAuthenticationViewController.m in Sources */ = {isa = PBXBuildFile; fileRef = 501CE6C6195DEA1F000935E7 /* GVGAuthenticationViewController.m */; };
		505D7586195DD7AB002B1403 /* main.m in Sources */ = {isa = PBXBuildFile; fileRef = 505D7585195DD7AB002B1403 /* main.m */; };
		505D7589195DD7AB002B1403 /* AppDelegate.m in Sources */ = {isa = PBXBuildFile; fileRef = 505D7588195DD7AB002B1403 /* AppDelegate.m */; };
		505D758B195DD7AB002B1403 /* Images.xcassets in Resources */ = {isa = PBXBuildFile; fileRef = 505D758A195DD7AB002B1403 /* Images.xcassets */; };
		505D7597195DD7AB002B1403 /* ConcentrationTests.m in Sources */ = {isa = PBXBuildFile; fileRef = 505D7596195DD7AB002B1403 /* ConcentrationTests.m */; };
		998F971794B34314BFA695E5 /* libPods.a in Frameworks */ = {isa = PBXBuildFile; fileRef = ED43B57793884F1E99018E47 /* libPods.a */; };
/* End PBXBuildFile section */

/* Begin PBXContainerItemProxy section */
		505D7591195DD7AB002B1403 /* PBXContainerItemProxy */ = {
			isa = PBXContainerItemProxy;
			containerPortal = 505D7578195DD7AB002B1403 /* Project object */;
			proxyType = 1;
			remoteGlobalIDString = 505D757F195DD7AB002B1403;
			remoteInfo = Concentration;
		};
/* End PBXContainerItemProxy section */

/* Begin PBXFileReference section */
		1CD4B2A4436A47BA97923087 /* Pods.xcconfig */ = {isa = PBXFileReference; includeInIndex = 1; lastKnownFileType = text.xcconfig; name = Pods.xcconfig; path = Pods/Pods.xcconfig; sourceTree = "<group>"; };
		501CE6C5195DEA1F000935E7 /* GVGAuthenticationViewController.h */ = {isa = PBXFileReference; fileEncoding = 4; lastKnownFileType = sourcecode.c.h; name = GVGAuthenticationViewController.h; path = "View Controllers/GVGAuthenticationViewController.h"; sourceTree = "<group>"; };
		501CE6C6195DEA1F000935E7 /* GVGAuthenticationViewController.m */ = {isa = PBXFileReference; fileEncoding = 4; lastKnownFileType = sourcecode.c.objc; name = GVGAuthenticationViewController.m; path = "View Controllers/GVGAuthenticationViewController.m"; sourceTree = "<group>"; };
		505D7580195DD7AB002B1403 /* Concentration.app */ = {isa = PBXFileReference; explicitFileType = wrapper.application; includeInIndex = 0; path = Concentration.app; sourceTree = BUILT_PRODUCTS_DIR; };
		505D7584195DD7AB002B1403 /* Info.plist */ = {isa = PBXFileReference; lastKnownFileType = text.plist.xml; path = Info.plist; sourceTree = "<group>"; };
		505D7585195DD7AB002B1403 /* main.m */ = {isa = PBXFileReference; lastKnownFileType = sourcecode.c.objc; path = main.m; sourceTree = "<group>"; };
		505D7587195DD7AB002B1403 /* AppDelegate.h */ = {isa = PBXFileReference; lastKnownFileType = sourcecode.c.h; path = AppDelegate.h; sourceTree = "<group>"; };
		505D7588195DD7AB002B1403 /* AppDelegate.m */ = {isa = PBXFileReference; lastKnownFileType = sourcecode.c.objc; path = AppDelegate.m; sourceTree = "<group>"; };
		505D758A195DD7AB002B1403 /* Images.xcassets */ = {isa = PBXFileReference; lastKnownFileType = folder.assetcatalog; path = Images.xcassets; sourceTree = "<group>"; };
		505D7590195DD7AB002B1403 /* ConcentrationTests.xctest */ = {isa = PBXFileReference; explicitFileType = wrapper.cfbundle; includeInIndex = 0; path = ConcentrationTests.xctest; sourceTree = BUILT_PRODUCTS_DIR; };
		505D7595195DD7AB002B1403 /* Info.plist */ = {isa = PBXFileReference; lastKnownFileType = text.plist.xml; path = Info.plist; sourceTree = "<group>"; };
		505D7596195DD7AB002B1403 /* ConcentrationTests.m */ = {isa = PBXFileReference; lastKnownFileType = sourcecode.c.objc; path = ConcentrationTests.m; sourceTree = "<group>"; };
		ED43B57793884F1E99018E47 /* libPods.a */ = {isa = PBXFileReference; explicitFileType = archive.ar; includeInIndex = 0; path = libPods.a; sourceTree = BUILT_PRODUCTS_DIR; };
/* End PBXFileReference section */

/* Begin PBXFrameworksBuildPhase section */
		505D757D195DD7AB002B1403 /* Frameworks */ = {
			isa = PBXFrameworksBuildPhase;
			buildActionMask = 2147483647;
			files = (
				998F971794B34314BFA695E5 /* libPods.a in Frameworks */,
			);
			runOnlyForDeploymentPostprocessing = 0;
		};
		505D758D195DD7AB002B1403 /* Frameworks */ = {
			isa = PBXFrameworksBuildPhase;
			buildActionMask = 2147483647;
			files = (
			);
			runOnlyForDeploymentPostprocessing = 0;
		};
/* End PBXFrameworksBuildPhase section */

/* Begin PBXGroup section */
		505D7577195DD7AB002B1403 = {
			isa = PBXGroup;
			children = (
				505D7582195DD7AB002B1403 /* Concentration */,
				505D7593195DD7AB002B1403 /* ConcentrationTests */,
				505D7581195DD7AB002B1403 /* Products */,
				1CD4B2A4436A47BA97923087 /* Pods.xcconfig */,
				7B2C8A7AEC4D41D4A23F8974 /* Frameworks */,
			);
			sourceTree = "<group>";
		};
		505D7581195DD7AB002B1403 /* Products */ = {
			isa = PBXGroup;
			children = (
				505D7580195DD7AB002B1403 /* Concentration.app */,
				505D7590195DD7AB002B1403 /* ConcentrationTests.xctest */,
			);
			name = Products;
			sourceTree = "<group>";
		};
		505D7582195DD7AB002B1403 /* Concentration */ = {
			isa = PBXGroup;
			children = (
				505D7587195DD7AB002B1403 /* AppDelegate.h */,
				505D7588195DD7AB002B1403 /* AppDelegate.m */,
				501CE6C5195DEA1F000935E7 /* GVGAuthenticationViewController.h */,
				501CE6C6195DEA1F000935E7 /* GVGAuthenticationViewController.m */,
				505D758A195DD7AB002B1403 /* Images.xcassets */,
				505D7583195DD7AB002B1403 /* Supporting Files */,
			);
			path = Concentration;
			sourceTree = "<group>";
		};
		505D7583195DD7AB002B1403 /* Supporting Files */ = {
			isa = PBXGroup;
			children = (
				505D7584195DD7AB002B1403 /* Info.plist */,
				505D7585195DD7AB002B1403 /* main.m */,
			);
			name = "Supporting Files";
			sourceTree = "<group>";
		};
		505D7593195DD7AB002B1403 /* ConcentrationTests */ = {
			isa = PBXGroup;
			children = (
				505D7596195DD7AB002B1403 /* ConcentrationTests.m */,
				505D7594195DD7AB002B1403 /* Supporting Files */,
			);
			path = ConcentrationTests;
			sourceTree = "<group>";
		};
		505D7594195DD7AB002B1403 /* Supporting Files */ = {
			isa = PBXGroup;
			children = (
				505D7595195DD7AB002B1403 /* Info.plist */,
			);
			name = "Supporting Files";
			sourceTree = "<group>";
		};
		7B2C8A7AEC4D41D4A23F8974 /* Frameworks */ = {
			isa = PBXGroup;
			children = (
				ED43B57793884F1E99018E47 /* libPods.a */,
			);
			name = Frameworks;
			sourceTree = "<group>";
		};
/* End PBXGroup section */

/* Begin PBXNativeTarget section */
		505D757F195DD7AB002B1403 /* Concentration */ = {
			isa = PBXNativeTarget;
			buildConfigurationList = 505D759A195DD7AB002B1403 /* Build configuration list for PBXNativeTarget "Concentration" */;
			buildPhases = (
				5FA0381A0D924A6D9EA2C5F6 /* Check Pods Manifest.lock */,
				505D757C195DD7AB002B1403 /* Sources */,
				505D757D195DD7AB002B1403 /* Frameworks */,
				505D757E195DD7AB002B1403 /* Resources */,
				BC6D0F48A3D8440F97DE602C /* Copy Pods Resources */,
			);
			buildRules = (
			);
			dependencies = (
			);
			name = Concentration;
			productName = Concentration;
			productReference = 505D7580195DD7AB002B1403 /* Concentration.app */;
			productType = "com.apple.product-type.application";
		};
		505D758F195DD7AB002B1403 /* ConcentrationTests */ = {
			isa = PBXNativeTarget;
			buildConfigurationList = 505D759D195DD7AB002B1403 /* Build configuration list for PBXNativeTarget "ConcentrationTests" */;
			buildPhases = (
				505D758C195DD7AB002B1403 /* Sources */,
				505D758D195DD7AB002B1403 /* Frameworks */,
				505D758E195DD7AB002B1403 /* Resources */,
			);
			buildRules = (
			);
			dependencies = (
				505D7592195DD7AB002B1403 /* PBXTargetDependency */,
			);
			name = ConcentrationTests;
			productName = ConcentrationTests;
			productReference = 505D7590195DD7AB002B1403 /* ConcentrationTests.xctest */;
			productType = "com.apple.product-type.bundle.unit-test";
		};
/* End PBXNativeTarget section */

/* Begin PBXProject section */
		505D7578195DD7AB002B1403 /* Project object */ = {
			isa = PBXProject;
			attributes = {
				LastUpgradeCheck = 0600;
				ORGANIZATIONNAME = Fetchnotes;
				TargetAttributes = {
					505D757F195DD7AB002B1403 = {
						CreatedOnToolsVersion = 6.0;
					};
					505D758F195DD7AB002B1403 = {
						CreatedOnToolsVersion = 6.0;
						TestTargetID = 505D757F195DD7AB002B1403;
					};
				};
			};
			buildConfigurationList = 505D757B195DD7AB002B1403 /* Build configuration list for PBXProject "Concentration" */;
			compatibilityVersion = "Xcode 3.2";
			developmentRegion = English;
			hasScannedForEncodings = 0;
			knownRegions = (
				en,
			);
			mainGroup = 505D7577195DD7AB002B1403;
			productRefGroup = 505D7581195DD7AB002B1403 /* Products */;
			projectDirPath = "";
			projectRoot = "";
			targets = (
				505D757F195DD7AB002B1403 /* Concentration */,
				505D758F195DD7AB002B1403 /* ConcentrationTests */,
			);
		};
/* End PBXProject section */

/* Begin PBXResourcesBuildPhase section */
		505D757E195DD7AB002B1403 /* Resources */ = {
			isa = PBXResourcesBuildPhase;
			buildActionMask = 2147483647;
			files = (
				505D758B195DD7AB002B1403 /* Images.xcassets in Resources */,
			);
			runOnlyForDeploymentPostprocessing = 0;
		};
		505D758E195DD7AB002B1403 /* Resources */ = {
			isa = PBXResourcesBuildPhase;
			buildActionMask = 2147483647;
			files = (
			);
			runOnlyForDeploymentPostprocessing = 0;
		};
/* End PBXResourcesBuildPhase section */

/* Begin PBXShellScriptBuildPhase section */
		5FA0381A0D924A6D9EA2C5F6 /* Check Pods Manifest.lock */ = {
			isa = PBXShellScriptBuildPhase;
			buildActionMask = 2147483647;
			files = (
			);
			inputPaths = (
			);
			name = "Check Pods Manifest.lock";
			outputPaths = (
			);
			runOnlyForDeploymentPostprocessing = 0;
			shellPath = /bin/sh;
			shellScript = "diff \"${PODS_ROOT}/../Podfile.lock\" \"${PODS_ROOT}/Manifest.lock\" > /dev/null\nif [[ $? != 0 ]] ; then\n    cat << EOM\nerror: The sandbox is not in sync with the Podfile.lock. Run 'pod install' or update your CocoaPods installation.\nEOM\n    exit 1\nfi\n";
			showEnvVarsInLog = 0;
		};
		BC6D0F48A3D8440F97DE602C /* Copy Pods Resources */ = {
			isa = PBXShellScriptBuildPhase;
			buildActionMask = 2147483647;
			files = (
			);
			inputPaths = (
			);
			name = "Copy Pods Resources";
			outputPaths = (
			);
			runOnlyForDeploymentPostprocessing = 0;
			shellPath = /bin/sh;
			shellScript = "\"${SRCROOT}/Pods/Pods-resources.sh\"\n";
			showEnvVarsInLog = 0;
		};
/* End PBXShellScriptBuildPhase section */

/* Begin PBXSourcesBuildPhase section */
		505D757C195DD7AB002B1403 /* Sources */ = {
			isa = PBXSourcesBuildPhase;
			buildActionMask = 2147483647;
			files = (
				501CE6C7195DEA1F000935E7 /* GVGAuthenticationViewController.m in Sources */,
				505D7589195DD7AB002B1403 /* AppDelegate.m in Sources */,
				505D7586195DD7AB002B1403 /* main.m in Sources */,
			);
			runOnlyForDeploymentPostprocessing = 0;
		};
		505D758C195DD7AB002B1403 /* Sources */ = {
			isa = PBXSourcesBuildPhase;
			buildActionMask = 2147483647;
			files = (
				505D7597195DD7AB002B1403 /* ConcentrationTests.m in Sources */,
			);
			runOnlyForDeploymentPostprocessing = 0;
		};
/* End PBXSourcesBuildPhase section */

/* Begin PBXTargetDependency section */
		505D7592195DD7AB002B1403 /* PBXTargetDependency */ = {
			isa = PBXTargetDependency;
			target = 505D757F195DD7AB002B1403 /* Concentration */;
			targetProxy = 505D7591195DD7AB002B1403 /* PBXContainerItemProxy */;
		};
/* End PBXTargetDependency section */

/* Begin XCBuildConfiguration section */
		505D7598195DD7AB002B1403 /* Debug */ = {
			isa = XCBuildConfiguration;
			buildSettings = {
				ALWAYS_SEARCH_USER_PATHS = NO;
				CLANG_CXX_LANGUAGE_STANDARD = "gnu++0x";
				CLANG_CXX_LIBRARY = "libc++";
				CLANG_ENABLE_MODULES = YES;
				CLANG_ENABLE_OBJC_ARC = YES;
				CLANG_WARN_BOOL_CONVERSION = YES;
				CLANG_WARN_CONSTANT_CONVERSION = YES;
				CLANG_WARN_DIRECT_OBJC_ISA_USAGE = YES_ERROR;
				CLANG_WARN_EMPTY_BODY = YES;
				CLANG_WARN_ENUM_CONVERSION = YES;
				CLANG_WARN_INT_CONVERSION = YES;
				CLANG_WARN_OBJC_ROOT_CLASS = YES_ERROR;
				CLANG_WARN_UNREACHABLE_CODE = YES;
				CLANG_WARN__DUPLICATE_METHOD_MATCH = YES;
				"CODE_SIGN_IDENTITY[sdk=iphoneos*]" = "iPhone Developer";
				COPY_PHASE_STRIP = NO;
				ENABLE_STRICT_OBJC_MSGSEND = YES;
				GCC_C_LANGUAGE_STANDARD = gnu99;
				GCC_DYNAMIC_NO_PIC = NO;
				GCC_OPTIMIZATION_LEVEL = 0;
				GCC_PREPROCESSOR_DEFINITIONS = (
					"DEBUG=1",
					"$(inherited)",
				);
				GCC_SYMBOLS_PRIVATE_EXTERN = NO;
				GCC_WARN_64_TO_32_BIT_CONVERSION = YES;
				GCC_WARN_ABOUT_RETURN_TYPE = YES_ERROR;
				GCC_WARN_UNDECLARED_SELECTOR = YES;
				GCC_WARN_UNINITIALIZED_AUTOS = YES_AGGRESSIVE;
				GCC_WARN_UNUSED_FUNCTION = YES;
				GCC_WARN_UNUSED_VARIABLE = YES;
				IPHONEOS_DEPLOYMENT_TARGET = 8.0;
				METAL_ENABLE_DEBUG_INFO = YES;
				ONLY_ACTIVE_ARCH = YES;
				SDKROOT = iphoneos;
			};
			name = Debug;
		};
		505D7599195DD7AB002B1403 /* Release */ = {
			isa = XCBuildConfiguration;
			buildSettings = {
				ALWAYS_SEARCH_USER_PATHS = NO;
				CLANG_CXX_LANGUAGE_STANDARD = "gnu++0x";
				CLANG_CXX_LIBRARY = "libc++";
				CLANG_ENABLE_MODULES = YES;
				CLANG_ENABLE_OBJC_ARC = YES;
				CLANG_WARN_BOOL_CONVERSION = YES;
				CLANG_WARN_CONSTANT_CONVERSION = YES;
				CLANG_WARN_DIRECT_OBJC_ISA_USAGE = YES_ERROR;
				CLANG_WARN_EMPTY_BODY = YES;
				CLANG_WARN_ENUM_CONVERSION = YES;
				CLANG_WARN_INT_CONVERSION = YES;
				CLANG_WARN_OBJC_ROOT_CLASS = YES_ERROR;
				CLANG_WARN_UNREACHABLE_CODE = YES;
				CLANG_WARN__DUPLICATE_METHOD_MATCH = YES;
				"CODE_SIGN_IDENTITY[sdk=iphoneos*]" = "iPhone Developer";
				COPY_PHASE_STRIP = YES;
				ENABLE_NS_ASSERTIONS = NO;
				ENABLE_STRICT_OBJC_MSGSEND = YES;
				GCC_C_LANGUAGE_STANDARD = gnu99;
				GCC_WARN_64_TO_32_BIT_CONVERSION = YES;
				GCC_WARN_ABOUT_RETURN_TYPE = YES_ERROR;
				GCC_WARN_UNDECLARED_SELECTOR = YES;
				GCC_WARN_UNINITIALIZED_AUTOS = YES_AGGRESSIVE;
				GCC_WARN_UNUSED_FUNCTION = YES;
				GCC_WARN_UNUSED_VARIABLE = YES;
				IPHONEOS_DEPLOYMENT_TARGET = 8.0;
				METAL_ENABLE_DEBUG_INFO = NO;
				SDKROOT = iphoneos;
				VALIDATE_PRODUCT = YES;
			};
			name = Release;
		};
		505D759B195DD7AB002B1403 /* Debug */ = {
			isa = XCBuildConfiguration;
			baseConfigurationReference = 1CD4B2A4436A47BA97923087 /* Pods.xcconfig */;
			buildSettings = {
				ASSETCATALOG_COMPILER_APPICON_NAME = AppIcon;
				ASSETCATALOG_COMPILER_LAUNCHIMAGE_NAME = LaunchImage;
				INFOPLIST_FILE = Concentration/Info.plist;
				LD_RUNPATH_SEARCH_PATHS = "$(inherited) @executable_path/Frameworks";
				PRODUCT_NAME = "$(TARGET_NAME)";
			};
			name = Debug;
		};
		505D759C195DD7AB002B1403 /* Release */ = {
			isa = XCBuildConfiguration;
			baseConfigurationReference = 1CD4B2A4436A47BA97923087 /* Pods.xcconfig */;
			buildSettings = {
				ASSETCATALOG_COMPILER_APPICON_NAME = AppIcon;
				ASSETCATALOG_COMPILER_LAUNCHIMAGE_NAME = LaunchImage;
				INFOPLIST_FILE = Concentration/Info.plist;
				LD_RUNPATH_SEARCH_PATHS = "$(inherited) @executable_path/Frameworks";
				PRODUCT_NAME = "$(TARGET_NAME)";
			};
			name = Release;
		};
		505D759E195DD7AB002B1403 /* Debug */ = {
			isa = XCBuildConfiguration;
			buildSettings = {
				BUNDLE_LOADER = "$(BUILT_PRODUCTS_DIR)/Concentration.app/Concentration";
				FRAMEWORK_SEARCH_PATHS = (
					"$(SDKROOT)/Developer/Library/Frameworks",
					"$(inherited)",
				);
				GCC_PREPROCESSOR_DEFINITIONS = (
					"DEBUG=1",
					"$(inherited)",
				);
				INFOPLIST_FILE = ConcentrationTests/Info.plist;
				LD_RUNPATH_SEARCH_PATHS = "$(inherited) @executable_path/Frameworks @loader_path/Frameworks";
				METAL_ENABLE_DEBUG_INFO = YES;
				PRODUCT_NAME = "$(TARGET_NAME)";
				TEST_HOST = "$(BUNDLE_LOADER)";
			};
			name = Debug;
		};
		505D759F195DD7AB002B1403 /* Release */ = {
			isa = XCBuildConfiguration;
			buildSettings = {
				BUNDLE_LOADER = "$(BUILT_PRODUCTS_DIR)/Concentration.app/Concentration";
				FRAMEWORK_SEARCH_PATHS = (
					"$(SDKROOT)/Developer/Library/Frameworks",
					"$(inherited)",
				);
				INFOPLIST_FILE = ConcentrationTests/Info.plist;
				LD_RUNPATH_SEARCH_PATHS = "$(inherited) @executable_path/Frameworks @loader_path/Frameworks";
				METAL_ENABLE_DEBUG_INFO = NO;
				PRODUCT_NAME = "$(TARGET_NAME)";
				TEST_HOST = "$(BUNDLE_LOADER)";
			};
			name = Release;
		};
/* End XCBuildConfiguration section */

/* Begin XCConfigurationList section */
		505D757B195DD7AB002B1403 /* Build configuration list for PBXProject "Concentration" */ = {
			isa = XCConfigurationList;
			buildConfigurations = (
				505D7598195DD7AB002B1403 /* Debug */,
				505D7599195DD7AB002B1403 /* Release */,
			);
			defaultConfigurationIsVisible = 0;
			defaultConfigurationName = Release;
		};
		505D759A195DD7AB002B1403 /* Build configuration list for PBXNativeTarget "Concentration" */ = {
			isa = XCConfigurationList;
			buildConfigurations = (
				505D759B195DD7AB002B1403 /* Debug */,
				505D759C195DD7AB002B1403 /* Release */,
			);
			defaultConfigurationIsVisible = 0;
			defaultConfigurationName = Release;
		};
		505D759D195DD7AB002B1403 /* Build configuration list for PBXNativeTarget "ConcentrationTests" */ = {
			isa = XCConfigurationList;
			buildConfigurations = (
				505D759E195DD7AB002B1403 /* Debug */,
				505D759F195DD7AB002B1403 /* Release */,
			);
			defaultConfigurationIsVisible = 0;
			defaultConfigurationName = Release;
		};
/* End XCConfigurationList section */
	};
	rootObject = 505D7578195DD7AB002B1403 /* Project object */;
}
